
Microsoft Visual Studio Solution File, Format Version 12.00
# Visual Studio Version 17
VisualStudioVersion = 17.9.34728.123
MinimumVisualStudioVersion = 10.0.40219.1
Project("{FAE04EC0-301F-11D3-BF4B-00C04F79EFBC}") = "Transports_1", "Transports_1.csproj", "{4D32B365-353A-4DE8-B01E-4DD5BA913179}"
EndProject
Global
	GlobalSection(SolutionConfigurationPlatforms) = preSolution
		Debug|Any CPU = Debug|Any CPU
		Release|Any CPU = Release|Any CPU
	EndGlobalSection
	GlobalSection(ProjectConfigurationPlatforms) = postSolution
		{4D32B365-353A-4DE8-B01E-4DD5BA913179}.Debug|Any CPU.ActiveCfg = Debug|Any CPU
		{4D32B365-353A-4DE8-B01E-4DD5BA913179}.Debug|Any CPU.Build.0 = Debug|Any CPU
		{4D32B365-353A-4DE8-B01E-4DD5BA913179}.Release|Any CPU.ActiveCfg = Release|Any CPU
		{4D32B365-353A-4DE8-B01E-4DD5BA913179}.Release|Any CPU.Build.0 = Release|Any CPU
	EndGlobalSection
	GlobalSection(SolutionProperties) = preSolution
		HideSolutionNode = FALSE
	EndGlobalSection
	GlobalSection(ExtensibilityGlobals) = postSolution
		SolutionGuid = {CB6B121D-BAF8-401F-8BE9-A80722630537}
	EndGlobalSection
EndGlobal
