
Microsoft Visual Studio Solution File, Format Version 12.00
# Visual Studio Version 17
VisualStudioVersion = 17.9.34728.123
MinimumVisualStudioVersion = 10.0.40219.1
Project("{FAE04EC0-301F-11D3-BF4B-00C04F79EFBC}") = "Project_050924", "Project_050924.csproj", "{C909E538-2B31-4F4D-A927-010840126053}"
EndProject
Global
	GlobalSection(SolutionConfigurationPlatforms) = preSolution
		Debug|Any CPU = Debug|Any CPU
		Release|Any CPU = Release|Any CPU
	EndGlobalSection
	GlobalSection(ProjectConfigurationPlatforms) = postSolution
		{C909E538-2B31-4F4D-A927-010840126053}.Debug|Any CPU.ActiveCfg = Debug|Any CPU
		{C909E538-2B31-4F4D-A927-010840126053}.Debug|Any CPU.Build.0 = Debug|Any CPU
		{C909E538-2B31-4F4D-A927-010840126053}.Release|Any CPU.ActiveCfg = Release|Any CPU
		{C909E538-2B31-4F4D-A927-010840126053}.Release|Any CPU.Build.0 = Release|Any CPU
	EndGlobalSection
	GlobalSection(SolutionProperties) = preSolution
		HideSolutionNode = FALSE
	EndGlobalSection
	GlobalSection(ExtensibilityGlobals) = postSolution
		SolutionGuid = {A8B0233C-EBD9-41D2-BB3B-0EB964D3FDFA}
	EndGlobalSection
EndGlobal
