
Microsoft Visual Studio Solution File, Format Version 12.00
# Visual Studio Version 17
VisualStudioVersion = 17.9.34902.65
MinimumVisualStudioVersion = 10.0.40219.1
Project("{FAE04EC0-301F-11D3-BF4B-00C04F79EFBC}") = "Fibonacci", "Fibonacci\Fibonacci.csproj", "{0AD43E6D-100C-4060-8876-1FABF2841F50}"
EndProject
Global
	GlobalSection(SolutionConfigurationPlatforms) = preSolution
		Debug|Any CPU = Debug|Any CPU
		Release|Any CPU = Release|Any CPU
	EndGlobalSection
	GlobalSection(ProjectConfigurationPlatforms) = postSolution
		{0AD43E6D-100C-4060-8876-1FABF2841F50}.Debug|Any CPU.ActiveCfg = Debug|Any CPU
		{0AD43E6D-100C-4060-8876-1FABF2841F50}.Debug|Any CPU.Build.0 = Debug|Any CPU
		{0AD43E6D-100C-4060-8876-1FABF2841F50}.Release|Any CPU.ActiveCfg = Release|Any CPU
		{0AD43E6D-100C-4060-8876-1FABF2841F50}.Release|Any CPU.Build.0 = Release|Any CPU
	EndGlobalSection
	GlobalSection(SolutionProperties) = preSolution
		HideSolutionNode = FALSE
	EndGlobalSection
	GlobalSection(ExtensibilityGlobals) = postSolution
		SolutionGuid = {6AB0DE90-BC23-4842-A70C-F42F51C101ED}
	EndGlobalSection
EndGlobal
