
Microsoft Visual Studio Solution File, Format Version 12.00
# Visual Studio Version 17
VisualStudioVersion = 17.10.34707.107
MinimumVisualStudioVersion = 10.0.40219.1
Project("{FAE04EC0-301F-11D3-BF4B-00C04F79EFBC}") = "StudentCard", "StudentCard\StudentCard.csproj", "{B74438A8-9C22-4370-91BB-B3BBCA659B89}"
EndProject
Global
	GlobalSection(SolutionConfigurationPlatforms) = preSolution
		Debug|Any CPU = Debug|Any CPU
		Release|Any CPU = Release|Any CPU
	EndGlobalSection
	GlobalSection(ProjectConfigurationPlatforms) = postSolution
		{B74438A8-9C22-4370-91BB-B3BBCA659B89}.Debug|Any CPU.ActiveCfg = Debug|Any CPU
		{B74438A8-9C22-4370-91BB-B3BBCA659B89}.Debug|Any CPU.Build.0 = Debug|Any CPU
		{B74438A8-9C22-4370-91BB-B3BBCA659B89}.Release|Any CPU.ActiveCfg = Release|Any CPU
		{B74438A8-9C22-4370-91BB-B3BBCA659B89}.Release|Any CPU.Build.0 = Release|Any CPU
	EndGlobalSection
	GlobalSection(SolutionProperties) = preSolution
		HideSolutionNode = FALSE
	EndGlobalSection
	GlobalSection(ExtensibilityGlobals) = postSolution
		SolutionGuid = {1F9903BB-5CCA-433E-BD56-5ED6F0FB410B}
	EndGlobalSection
EndGlobal
